{
  "name": "jewelry-shop-frontend",
  "lockfileVersion": 3,
  "requires": true,
  "packages": {
    "": {
      "dependencies": {
        "@fontsource/gwendolyn": "^5.0.17"
      }
    },
    "node_modules/@fontsource/gwendolyn": {
      "version": "5.0.17",
      "resolved": "https://registry.npmjs.org/@fontsource/gwendolyn/-/gwendolyn-5.0.17.tgz",
      "integrity": "sha512-w3p03zo7KpzlkmBbKIroFFvtV/ptkT0+XdUGkbdkXb2QTa6gnXI75OkbXSPmEiyEgYPBcuhyrw4HYTL/UWLmbA=="
    }
  }
}
